Microsoft Visual Studio Solution File, Format Version 12.00
# Visual Studio Version 17
VisualStudioVersion = 17.13.35731.43
MinimumVisualStudioVersion = 10.0.40219.1
Project("{FAE04EC0-301F-11D3-BF4B-00C04F79EFBC}") = "mega.Api", "mega.Api\mega.Api.csproj", "{8A8EDAB6-9C78-48D3-9D0A-518456817509}"
EndProject
Project("{FAE04EC0-301F-11D3-BF4B-00C04F79EFBC}") = "mega.AppHost", "mega.AppHost\mega.AppHost.csproj", "{53D53743-4B73-45DA-89FB-05486D9E0CA0}"
EndProject
Project("{FAE04EC0-301F-11D3-BF4B-00C04F79EFBC}") = "mega.ServiceDefaults", "mega.ServiceDefaults\mega.ServiceDefaults.csproj", "{F774F6C0-EE99-946C-143E-CBC4B2D28D46}"
EndProject
Project("{54A90642-561A-4BB1-A94E-469ADEE60C69}") = "mega.ClientApp", "mega.ClientApp\mega.ClientApp.esproj", "{726B627C-951D-384F-2A8F-B99F206BEFD8}"
EndProject
Global
	GlobalSection(SolutionConfigurationPlatforms) = preSolution
		Debug|Any CPU = Debug|Any CPU
		Release|Any CPU = Release|Any CPU
	EndGlobalSection
	GlobalSection(ProjectConfigurationPlatforms) = postSolution
		{8A8EDAB6-9C78-48D3-9D0A-518456817509}.Debug|Any CPU.ActiveCfg = Debug|Any CPU
		{8A8EDAB6-9C78-48D3-9D0A-518456817509}.Debug|Any CPU.Build.0 = Debug|Any CPU
		{8A8EDAB6-9C78-48D3-9D0A-518456817509}.Release|Any CPU.ActiveCfg = Release|Any CPU
		{8A8EDAB6-9C78-48D3-9D0A-518456817509}.Release|Any CPU.Build.0 = Release|Any CPU
		{53D53743-4B73-45DA-89FB-05486D9E0CA0}.Debug|Any CPU.ActiveCfg = Debug|Any CPU
		{53D53743-4B73-45DA-89FB-05486D9E0CA0}.Debug|Any CPU.Build.0 = Debug|Any CPU
		{53D53743-4B73-45DA-89FB-05486D9E0CA0}.Release|Any CPU.ActiveCfg = Release|Any CPU
		{53D53743-4B73-45DA-89FB-05486D9E0CA0}.Release|Any CPU.Build.0 = Release|Any CPU
		{F774F6C0-EE99-946C-143E-CBC4B2D28D46}.Debug|Any CPU.ActiveCfg = Debug|Any CPU
		{F774F6C0-EE99-946C-143E-CBC4B2D28D46}.Debug|Any CPU.Build.0 = Debug|Any CPU
		{F774F6C0-EE99-946C-143E-CBC4B2D28D46}.Release|Any CPU.ActiveCfg = Release|Any CPU
		{F774F6C0-EE99-946C-143E-CBC4B2D28D46}.Release|Any CPU.Build.0 = Release|Any CPU
		{726B627C-951D-384F-2A8F-B99F206BEFD8}.Debug|Any CPU.ActiveCfg = Debug|Any CPU
		{726B627C-951D-384F-2A8F-B99F206BEFD8}.Debug|Any CPU.Build.0 = Debug|Any CPU
		{726B627C-951D-384F-2A8F-B99F206BEFD8}.Debug|Any CPU.Deploy.0 = Debug|Any CPU
		{726B627C-951D-384F-2A8F-B99F206BEFD8}.Release|Any CPU.ActiveCfg = Release|Any CPU
		{726B627C-951D-384F-2A8F-B99F206BEFD8}.Release|Any CPU.Build.0 = Release|Any CPU
		{726B627C-951D-384F-2A8F-B99F206BEFD8}.Release|Any CPU.Deploy.0 = Release|Any CPU
	EndGlobalSection
	GlobalSection(SolutionProperties) = preSolution
		HideSolutionNode = FALSE
	EndGlobalSection
	GlobalSection(ExtensibilityGlobals) = postSolution
		SolutionGuid = {16451505-7695-4549-AB2E-A393AA4E91CC}
	EndGlobalSection
EndGlobal
